
Microsoft Visual Studio Solution File, Format Version 11.00
# Visual Studio 2010
Project("{FAE04EC0-301F-11D3-BF4B-00C04F79EFBC}") = "Unity.Rider.Editor", "Unity.Rider.Editor.csproj", "{b58d0c89-1668-e629-3704-46484ee09cd6}"
EndProject
Project("{FAE04EC0-301F-11D3-BF4B-00C04F79EFBC}") = "Assembly-CSharp", "Assembly-CSharp.csproj", "{907a04a6-8897-375b-5580-10154fc467b8}"
EndProject
Project("{FAE04EC0-301F-11D3-BF4B-00C04F79EFBC}") = "Assembly-CSharp-firstpass", "Assembly-CSharp-firstpass.csproj", "{6a180b4a-477a-d571-658a-1e29be95dcbb}"
EndProject
Global
	GlobalSection(SolutionConfigurationPlatforms) = preSolution
		Debug|Any CPU = Debug|Any CPU
	EndGlobalSection
	GlobalSection(ProjectConfigurationPlatforms) = postSolution
		{b58d0c89-1668-e629-3704-46484ee09cd6}.Debug|Any CPU.ActiveCfg = Debug|Any CPU
		{b58d0c89-1668-e629-3704-46484ee09cd6}.Debug|Any CPU.Build.0 = Debug|Any CPU
		{907a04a6-8897-375b-5580-10154fc467b8}.Debug|Any CPU.ActiveCfg = Debug|Any CPU
		{907a04a6-8897-375b-5580-10154fc467b8}.Debug|Any CPU.Build.0 = Debug|Any CPU
		{6a180b4a-477a-d571-658a-1e29be95dcbb}.Debug|Any CPU.ActiveCfg = Debug|Any CPU
		{6a180b4a-477a-d571-658a-1e29be95dcbb}.Debug|Any CPU.Build.0 = Debug|Any CPU
	EndGlobalSection
	GlobalSection(SolutionProperties) = preSolution
		HideSolutionNode = FALSE
	EndGlobalSection
EndGlobal
